
Microsoft Visual Studio Solution File, Format Version 12.00
# Visual Studio 15
VisualStudioVersion = 15.0.28307.572
MinimumVisualStudioVersion = 10.0.40219.1
Project("{8BC9CEB8-8B4A-11D0-8D11-00A0C91BC942}") = "Parser", "Parser.vcxproj", "{B1B75165-D191-4788-B99D-84D2F28FDEDB}"
EndProject
Global
	GlobalSection(SolutionConfigurationPlatforms) = preSolution
		Debug|x64 = Debug|x64
		Debug|x86 = Debug|x86
		Release|x64 = Release|x64
		Release|x86 = Release|x86
	EndGlobalSection
	GlobalSection(ProjectConfigurationPlatforms) = postSolution
		{B1B75165-D191-4788-B99D-84D2F28FDEDB}.Debug|x64.ActiveCfg = Debug|x64
		{B1B75165-D191-4788-B99D-84D2F28FDEDB}.Debug|x64.Build.0 = Debug|x64
		{B1B75165-D191-4788-B99D-84D2F28FDEDB}.Debug|x86.ActiveCfg = Debug|Win32
		{B1B75165-D191-4788-B99D-84D2F28FDEDB}.Debug|x86.Build.0 = Debug|Win32
		{B1B75165-D191-4788-B99D-84D2F28FDEDB}.Release|x64.ActiveCfg = Release|x64
		{B1B75165-D191-4788-B99D-84D2F28FDEDB}.Release|x64.Build.0 = Release|x64
		{B1B75165-D191-4788-B99D-84D2F28FDEDB}.Release|x86.ActiveCfg = Release|Win32
		{B1B75165-D191-4788-B99D-84D2F28FDEDB}.Release|x86.Build.0 = Release|Win32
	EndGlobalSection
	GlobalSection(SolutionProperties) = preSolution
		HideSolutionNode = FALSE
	EndGlobalSection
	GlobalSection(ExtensibilityGlobals) = postSolution
		SolutionGuid = {4BA0EDE7-B9F0-46BA-99C2-F8F908195EDC}
	EndGlobalSection
EndGlobal
